
Microsoft Visual Studio Solution File, Format Version 12.00
# Visual Studio 15
VisualStudioVersion = 15.0.27703.2035
MinimumVisualStudioVersion = 10.0.40219.1
Project("{FAE04EC0-301F-11D3-BF4B-00C04F79EFBC}") = "HRP.Contracts", "HRP.Contracts\HRP.Contracts.csproj", "{881EE14A-4529-4901-9490-7D8FB557D66C}"
EndProject
Project("{FAE04EC0-301F-11D3-BF4B-00C04F79EFBC}") = "HRP.Data", "HRP.Data\HRP.Data.csproj", "{10B74175-7381-40EB-BB33-D67A90DBB836}"
EndProject
Project("{FAE04EC0-301F-11D3-BF4B-00C04F79EFBC}") = "HRP.Domain", "HRP.Domain\HRP.Domain.csproj", "{C646DCED-3DB8-4011-9FB1-D6934EF40A6A}"
EndProject
Project("{FAE04EC0-301F-11D3-BF4B-00C04F79EFBC}") = "HRP.Services", "HRP.Services\HRP.Services.csproj", "{777314E6-0F80-4898-87A3-D821E89D893C}"
EndProject
Project("{FAE04EC0-301F-11D3-BF4B-00C04F79EFBC}") = "HRP.Tests", "HRP.Tests\HRP.Tests.csproj", "{28D63E5B-D8F1-495B-A814-2C8BB0190F39}"
EndProject
Project("{FAE04EC0-301F-11D3-BF4B-00C04F79EFBC}") = "HRP.Utils", "HRP.Utils\HRP.Utils.csproj", "{D3DB24B1-6C00-46D0-8B7B-0E6335323EB0}"
EndProject
Project("{FAE04EC0-301F-11D3-BF4B-00C04F79EFBC}") = "HRP.Web", "HRP.Web\HRP.Web.csproj", "{7A0AB3B8-D890-415F-8194-DB2EDA2CBB9F}"
EndProject
Global
	GlobalSection(SolutionConfigurationPlatforms) = preSolution
		Debug|Any CPU = Debug|Any CPU
		Release|Any CPU = Release|Any CPU
	EndGlobalSection
	GlobalSection(ProjectConfigurationPlatforms) = postSolution
		{881EE14A-4529-4901-9490-7D8FB557D66C}.Debug|Any CPU.ActiveCfg = Debug|Any CPU
		{881EE14A-4529-4901-9490-7D8FB557D66C}.Debug|Any CPU.Build.0 = Debug|Any CPU
		{881EE14A-4529-4901-9490-7D8FB557D66C}.Release|Any CPU.ActiveCfg = Release|Any CPU
		{881EE14A-4529-4901-9490-7D8FB557D66C}.Release|Any CPU.Build.0 = Release|Any CPU
		{10B74175-7381-40EB-BB33-D67A90DBB836}.Debug|Any CPU.ActiveCfg = Debug|Any CPU
		{10B74175-7381-40EB-BB33-D67A90DBB836}.Debug|Any CPU.Build.0 = Debug|Any CPU
		{10B74175-7381-40EB-BB33-D67A90DBB836}.Release|Any CPU.ActiveCfg = Release|Any CPU
		{10B74175-7381-40EB-BB33-D67A90DBB836}.Release|Any CPU.Build.0 = Release|Any CPU
		{C646DCED-3DB8-4011-9FB1-D6934EF40A6A}.Debug|Any CPU.ActiveCfg = Debug|Any CPU
		{C646DCED-3DB8-4011-9FB1-D6934EF40A6A}.Debug|Any CPU.Build.0 = Debug|Any CPU
		{C646DCED-3DB8-4011-9FB1-D6934EF40A6A}.Release|Any CPU.ActiveCfg = Release|Any CPU
		{C646DCED-3DB8-4011-9FB1-D6934EF40A6A}.Release|Any CPU.Build.0 = Release|Any CPU
		{777314E6-0F80-4898-87A3-D821E89D893C}.Debug|Any CPU.ActiveCfg = Debug|Any CPU
		{777314E6-0F80-4898-87A3-D821E89D893C}.Debug|Any CPU.Build.0 = Debug|Any CPU
		{777314E6-0F80-4898-87A3-D821E89D893C}.Release|Any CPU.ActiveCfg = Release|Any CPU
		{777314E6-0F80-4898-87A3-D821E89D893C}.Release|Any CPU.Build.0 = Release|Any CPU
		{28D63E5B-D8F1-495B-A814-2C8BB0190F39}.Debug|Any CPU.ActiveCfg = Debug|Any CPU
		{28D63E5B-D8F1-495B-A814-2C8BB0190F39}.Debug|Any CPU.Build.0 = Debug|Any CPU
		{28D63E5B-D8F1-495B-A814-2C8BB0190F39}.Release|Any CPU.ActiveCfg = Release|Any CPU
		{28D63E5B-D8F1-495B-A814-2C8BB0190F39}.Release|Any CPU.Build.0 = Release|Any CPU
		{D3DB24B1-6C00-46D0-8B7B-0E6335323EB0}.Debug|Any CPU.ActiveCfg = Debug|Any CPU
		{D3DB24B1-6C00-46D0-8B7B-0E6335323EB0}.Debug|Any CPU.Build.0 = Debug|Any CPU
		{D3DB24B1-6C00-46D0-8B7B-0E6335323EB0}.Release|Any CPU.ActiveCfg = Release|Any CPU
		{D3DB24B1-6C00-46D0-8B7B-0E6335323EB0}.Release|Any CPU.Build.0 = Release|Any CPU
		{7A0AB3B8-D890-415F-8194-DB2EDA2CBB9F}.Debug|Any CPU.ActiveCfg = Debug|Any CPU
		{7A0AB3B8-D890-415F-8194-DB2EDA2CBB9F}.Debug|Any CPU.Build.0 = Debug|Any CPU
		{7A0AB3B8-D890-415F-8194-DB2EDA2CBB9F}.Release|Any CPU.ActiveCfg = Release|Any CPU
		{7A0AB3B8-D890-415F-8194-DB2EDA2CBB9F}.Release|Any CPU.Build.0 = Release|Any CPU
	EndGlobalSection
	GlobalSection(SolutionProperties) = preSolution
		HideSolutionNode = FALSE
	EndGlobalSection
	GlobalSection(ExtensibilityGlobals) = postSolution
		SolutionGuid = {A3F9954C-3D59-441F-ACAC-563E8CFD6FAD}
	EndGlobalSection
EndGlobal
